
Microsoft Visual Studio Solution File, Format Version 12.00
# Visual Studio Version 16
VisualStudioVersion = 16.0.33927.289
MinimumVisualStudioVersion = 10.0.40219.1
Project("{FAE04EC0-301F-11D3-BF4B-00C04F79EFBC}") = "Тумаков - Лабораторная работа №7", "Тумаков - Лабораторная работа №7\Тумаков - Лабораторная работа №7.csproj", "{829B71FF-1005-438E-92AA-3C27B8DE9881}"
EndProject
Project("{FAE04EC0-301F-11D3-BF4B-00C04F79EFBC}") = "Решение задач", "Решение задач\Решение задач.csproj", "{4DFB8CA8-62CB-4E6B-AB77-4AEE3EFA5644}"
EndProject
Global
	GlobalSection(SolutionConfigurationPlatforms) = preSolution
		Debug|Any CPU = Debug|Any CPU
		Release|Any CPU = Release|Any CPU
	EndGlobalSection
	GlobalSection(ProjectConfigurationPlatforms) = postSolution
		{829B71FF-1005-438E-92AA-3C27B8DE9881}.Debug|Any CPU.ActiveCfg = Debug|Any CPU
		{829B71FF-1005-438E-92AA-3C27B8DE9881}.Debug|Any CPU.Build.0 = Debug|Any CPU
		{829B71FF-1005-438E-92AA-3C27B8DE9881}.Release|Any CPU.ActiveCfg = Release|Any CPU
		{829B71FF-1005-438E-92AA-3C27B8DE9881}.Release|Any CPU.Build.0 = Release|Any CPU
		{4DFB8CA8-62CB-4E6B-AB77-4AEE3EFA5644}.Debug|Any CPU.ActiveCfg = Debug|Any CPU
		{4DFB8CA8-62CB-4E6B-AB77-4AEE3EFA5644}.Debug|Any CPU.Build.0 = Debug|Any CPU
		{4DFB8CA8-62CB-4E6B-AB77-4AEE3EFA5644}.Release|Any CPU.ActiveCfg = Release|Any CPU
		{4DFB8CA8-62CB-4E6B-AB77-4AEE3EFA5644}.Release|Any CPU.Build.0 = Release|Any CPU
	EndGlobalSection
	GlobalSection(SolutionProperties) = preSolution
		HideSolutionNode = FALSE
	EndGlobalSection
	GlobalSection(ExtensibilityGlobals) = postSolution
		SolutionGuid = {15FC04F3-02BF-4A66-8473-BC4C11FE18FF}
	EndGlobalSection
EndGlobal
